
Microsoft Visual Studio Solution File, Format Version 12.00
# Visual Studio Version 16
VisualStudioVersion = 16.0.30128.74
MinimumVisualStudioVersion = 10.0.40219.1
Project("{9A19103F-16F7-4668-BE54-9A1E7A4F7556}") = "TrexRunner", "TrexRunner\TrexRunner.csproj", "{89CA3A6B-03D1-4477-B3B7-36A9C29EFD57}"
EndProject
Global
	GlobalSection(SolutionConfigurationPlatforms) = preSolution
		Debug|Any CPU = Debug|Any CPU
		Release|Any CPU = Release|Any CPU
	EndGlobalSection
	GlobalSection(ProjectConfigurationPlatforms) = postSolution
		{89CA3A6B-03D1-4477-B3B7-36A9C29EFD57}.Debug|Any CPU.ActiveCfg = Debug|Any CPU
		{89CA3A6B-03D1-4477-B3B7-36A9C29EFD57}.Debug|Any CPU.Build.0 = Debug|Any CPU
		{89CA3A6B-03D1-4477-B3B7-36A9C29EFD57}.Release|Any CPU.ActiveCfg = Release|Any CPU
		{89CA3A6B-03D1-4477-B3B7-36A9C29EFD57}.Release|Any CPU.Build.0 = Release|Any CPU
	EndGlobalSection
	GlobalSection(SolutionProperties) = preSolution
		HideSolutionNode = FALSE
	EndGlobalSection
	GlobalSection(ExtensibilityGlobals) = postSolution
		SolutionGuid = {65923227-2F23-4267-9BA2-D562C497712C}
	EndGlobalSection
EndGlobal
